
Microsoft Visual Studio Solution File, Format Version 12.00
# Visual Studio Version 16
VisualStudioVersion = 16.0.30523.141
MinimumVisualStudioVersion = 10.0.40219.1
Project("{FAE04EC0-301F-11D3-BF4B-00C04F79EFBC}") = "Notepad", "Notepad\Notepad.csproj", "{93C090DB-1B3C-4D82-A75F-9A4D8AD90DA1}"
EndProject
Global
	GlobalSection(SolutionConfigurationPlatforms) = preSolution
		Debug|Any CPU = Debug|Any CPU
		Release|Any CPU = Release|Any CPU
	EndGlobalSection
	GlobalSection(ProjectConfigurationPlatforms) = postSolution
		{93C090DB-1B3C-4D82-A75F-9A4D8AD90DA1}.Debug|Any CPU.ActiveCfg = Debug|Any CPU
		{93C090DB-1B3C-4D82-A75F-9A4D8AD90DA1}.Debug|Any CPU.Build.0 = Debug|Any CPU
		{93C090DB-1B3C-4D82-A75F-9A4D8AD90DA1}.Release|Any CPU.ActiveCfg = Release|Any CPU
		{93C090DB-1B3C-4D82-A75F-9A4D8AD90DA1}.Release|Any CPU.Build.0 = Release|Any CPU
	EndGlobalSection
	GlobalSection(SolutionProperties) = preSolution
		HideSolutionNode = FALSE
	EndGlobalSection
	GlobalSection(ExtensibilityGlobals) = postSolution
		SolutionGuid = {489A7925-7783-4C90-85A5-44FF08805720}
	EndGlobalSection
EndGlobal
